{
  "name": "www",
  "lockfileVersion": 3,
  "requires": true,
  "packages": {
    "": {
      "hasInstallScript": true,
      "dependencies": {
        "@webcontainer/api": "^1.5.0"
      }
    },
    "node_modules/@webcontainer/api": {
      "version": "1.5.0",
      "resolved": "https://registry.npmjs.org/@webcontainer/api/-/api-1.5.0.tgz",
      "integrity": "sha512-Xb4PdQh5BjRbsndO9a5KmRw8n35GamRng6UrRA22XSCuT0Ze5HsKhq0//diIavnjURGm58PXeFwrN1oPfU/flQ=="
    }
  }
}
